
Microsoft Visual Studio Solution File, Format Version 12.00
# Visual Studio Version 17
VisualStudioVersion = 17.0.31903.59
MinimumVisualStudioVersion = 10.0.40219.1
Project("{FAE04EC0-301F-11D3-BF4B-00C04F79EFBC}") = "RevitAPI4.2", "RevitAPI4.2.csproj", "{54B9BEE8-ADE2-4539-A61A-4C715E068E57}"
EndProject
Global
	GlobalSection(SolutionConfigurationPlatforms) = preSolution
		Debug|Any CPU = Debug|Any CPU
		Debug|x64 = Debug|x64
		Release|Any CPU = Release|Any CPU
		Release|x64 = Release|x64
	EndGlobalSection
	GlobalSection(ProjectConfigurationPlatforms) = postSolution
		{54B9BEE8-ADE2-4539-A61A-4C715E068E57}.Debug|Any CPU.ActiveCfg = Debug|Any CPU
		{54B9BEE8-ADE2-4539-A61A-4C715E068E57}.Debug|Any CPU.Build.0 = Debug|Any CPU
		{54B9BEE8-ADE2-4539-A61A-4C715E068E57}.Debug|x64.ActiveCfg = Debug|x64
		{54B9BEE8-ADE2-4539-A61A-4C715E068E57}.Debug|x64.Build.0 = Debug|x64
		{54B9BEE8-ADE2-4539-A61A-4C715E068E57}.Release|Any CPU.ActiveCfg = Release|Any CPU
		{54B9BEE8-ADE2-4539-A61A-4C715E068E57}.Release|Any CPU.Build.0 = Release|Any CPU
		{54B9BEE8-ADE2-4539-A61A-4C715E068E57}.Release|x64.ActiveCfg = Release|x64
		{54B9BEE8-ADE2-4539-A61A-4C715E068E57}.Release|x64.Build.0 = Release|x64
	EndGlobalSection
	GlobalSection(SolutionProperties) = preSolution
		HideSolutionNode = FALSE
	EndGlobalSection
	GlobalSection(ExtensibilityGlobals) = postSolution
		SolutionGuid = {37F6D6EE-76FD-4596-8052-5E85898913FB}
	EndGlobalSection
EndGlobal
